
Microsoft Visual Studio Solution File, Format Version 12.00
# Visual Studio 15
VisualStudioVersion = 15.0.27703.2042
MinimumVisualStudioVersion = 10.0.40219.1
Project("{FAE04EC0-301F-11D3-BF4B-00C04F79EFBC}") = "codility-training", "codility-training\codility-training.csproj", "{204D10CB-B6F1-49C6-9D32-70DC665B0633}"
EndProject
Project("{FAE04EC0-301F-11D3-BF4B-00C04F79EFBC}") = "BinaryGap", "BinaryGap\BinaryGap.csproj", "{561F7F56-93A5-451A-A2B9-6105D852883C}"
EndProject
Project("{FAE04EC0-301F-11D3-BF4B-00C04F79EFBC}") = "CyclicRotation", "CyclicRotation\CyclicRotation.csproj", "{423130B1-654E-4A51-B51B-531D6D3CD2C2}"
EndProject
Project("{FAE04EC0-301F-11D3-BF4B-00C04F79EFBC}") = "OddOccurancesinAnArray", "OddOccurancesinAnArray\OddOccurancesinAnArray.csproj", "{D4BF4029-6F4C-4D92-BDB9-DC847E542638}"
EndProject
Project("{FAE04EC0-301F-11D3-BF4B-00C04F79EFBC}") = "FrogJmp", "FrogJmp\FrogJmp.csproj", "{AC022200-D0D0-4ABF-97C7-F317A8442272}"
EndProject
Project("{FAE04EC0-301F-11D3-BF4B-00C04F79EFBC}") = "MissingNumber", "MissingNumber\MissingNumber.csproj", "{51619AB9-46AA-452C-8C23-CA3AAF18B49A}"
EndProject
Project("{FAE04EC0-301F-11D3-BF4B-00C04F79EFBC}") = "MissingInteger", "MissingInteger\MissingInteger.csproj", "{3A12A1C3-F4F0-4EB9-B6D5-86956CB32099}"
EndProject
Project("{FAE04EC0-301F-11D3-BF4B-00C04F79EFBC}") = "TapeEquilibrium", "TapeEquilibrium\TapeEquilibrium.csproj", "{BBBE9E3B-931B-4629-BF15-E9BDA9688163}"
EndProject
Project("{FAE04EC0-301F-11D3-BF4B-00C04F79EFBC}") = "PermCheck", "PermCheck\PermCheck.csproj", "{3EBE6BB2-5452-4C26-B2C2-55038A92D5C2}"
EndProject
Project("{FAE04EC0-301F-11D3-BF4B-00C04F79EFBC}") = "FrogRiverOne", "FrogRiverOne\FrogRiverOne.csproj", "{39E42522-445E-4B4B-9708-57914DD71664}"
EndProject
Project("{FAE04EC0-301F-11D3-BF4B-00C04F79EFBC}") = "MaxCounters", "MaxCounters\MaxCounters.csproj", "{DC680B61-390F-43B3-B047-3C69C9D2E73D}"
EndProject
Project("{FAE04EC0-301F-11D3-BF4B-00C04F79EFBC}") = "PassingCars", "PassingCars\PassingCars.csproj", "{A2DD6244-D324-49CB-91DA-CF1E6B4EF28C}"
EndProject
Project("{FAE04EC0-301F-11D3-BF4B-00C04F79EFBC}") = "Distinct", "Distinct\Distinct.csproj", "{3F20B108-C808-42C3-B9F0-B2812B812D2A}"
EndProject
Project("{FAE04EC0-301F-11D3-BF4B-00C04F79EFBC}") = "CountDiv", "CountDiv\CountDiv.csproj", "{662FE8D1-E22A-4A20-BA10-A1F9EA675B12}"
EndProject
Project("{FAE04EC0-301F-11D3-BF4B-00C04F79EFBC}") = "MaxProductOfThree", "MaxProductOfThree\MaxProductOfThree.csproj", "{2C38C8E9-6EB6-48DE-898F-C6CEA623E8B3}"
EndProject
Project("{FAE04EC0-301F-11D3-BF4B-00C04F79EFBC}") = "Triangle", "Triangle\Triangle.csproj", "{B6CF218D-6D8D-415C-9A1D-7DABA9750947}"
EndProject
Global
	GlobalSection(SolutionConfigurationPlatforms) = preSolution
		Debug|Any CPU = Debug|Any CPU
		Release|Any CPU = Release|Any CPU
	EndGlobalSection
	GlobalSection(ProjectConfigurationPlatforms) = postSolution
		{204D10CB-B6F1-49C6-9D32-70DC665B0633}.Debug|Any CPU.ActiveCfg = Debug|Any CPU
		{204D10CB-B6F1-49C6-9D32-70DC665B0633}.Debug|Any CPU.Build.0 = Debug|Any CPU
		{204D10CB-B6F1-49C6-9D32-70DC665B0633}.Release|Any CPU.ActiveCfg = Release|Any CPU
		{204D10CB-B6F1-49C6-9D32-70DC665B0633}.Release|Any CPU.Build.0 = Release|Any CPU
		{561F7F56-93A5-451A-A2B9-6105D852883C}.Debug|Any CPU.ActiveCfg = Debug|Any CPU
		{561F7F56-93A5-451A-A2B9-6105D852883C}.Debug|Any CPU.Build.0 = Debug|Any CPU
		{561F7F56-93A5-451A-A2B9-6105D852883C}.Release|Any CPU.ActiveCfg = Release|Any CPU
		{561F7F56-93A5-451A-A2B9-6105D852883C}.Release|Any CPU.Build.0 = Release|Any CPU
		{423130B1-654E-4A51-B51B-531D6D3CD2C2}.Debug|Any CPU.ActiveCfg = Debug|Any CPU
		{423130B1-654E-4A51-B51B-531D6D3CD2C2}.Debug|Any CPU.Build.0 = Debug|Any CPU
		{423130B1-654E-4A51-B51B-531D6D3CD2C2}.Release|Any CPU.ActiveCfg = Release|Any CPU
		{423130B1-654E-4A51-B51B-531D6D3CD2C2}.Release|Any CPU.Build.0 = Release|Any CPU
		{D4BF4029-6F4C-4D92-BDB9-DC847E542638}.Debug|Any CPU.ActiveCfg = Debug|Any CPU
		{D4BF4029-6F4C-4D92-BDB9-DC847E542638}.Debug|Any CPU.Build.0 = Debug|Any CPU
		{D4BF4029-6F4C-4D92-BDB9-DC847E542638}.Release|Any CPU.ActiveCfg = Release|Any CPU
		{D4BF4029-6F4C-4D92-BDB9-DC847E542638}.Release|Any CPU.Build.0 = Release|Any CPU
		{AC022200-D0D0-4ABF-97C7-F317A8442272}.Debug|Any CPU.ActiveCfg = Debug|Any CPU
		{AC022200-D0D0-4ABF-97C7-F317A8442272}.Debug|Any CPU.Build.0 = Debug|Any CPU
		{AC022200-D0D0-4ABF-97C7-F317A8442272}.Release|Any CPU.ActiveCfg = Release|Any CPU
		{AC022200-D0D0-4ABF-97C7-F317A8442272}.Release|Any CPU.Build.0 = Release|Any CPU
		{51619AB9-46AA-452C-8C23-CA3AAF18B49A}.Debug|Any CPU.ActiveCfg = Debug|Any CPU
		{51619AB9-46AA-452C-8C23-CA3AAF18B49A}.Debug|Any CPU.Build.0 = Debug|Any CPU
		{51619AB9-46AA-452C-8C23-CA3AAF18B49A}.Release|Any CPU.ActiveCfg = Release|Any CPU
		{51619AB9-46AA-452C-8C23-CA3AAF18B49A}.Release|Any CPU.Build.0 = Release|Any CPU
		{3A12A1C3-F4F0-4EB9-B6D5-86956CB32099}.Debug|Any CPU.ActiveCfg = Debug|Any CPU
		{3A12A1C3-F4F0-4EB9-B6D5-86956CB32099}.Debug|Any CPU.Build.0 = Debug|Any CPU
		{3A12A1C3-F4F0-4EB9-B6D5-86956CB32099}.Release|Any CPU.ActiveCfg = Release|Any CPU
		{3A12A1C3-F4F0-4EB9-B6D5-86956CB32099}.Release|Any CPU.Build.0 = Release|Any CPU
		{BBBE9E3B-931B-4629-BF15-E9BDA9688163}.Debug|Any CPU.ActiveCfg = Debug|Any CPU
		{BBBE9E3B-931B-4629-BF15-E9BDA9688163}.Debug|Any CPU.Build.0 = Debug|Any CPU
		{BBBE9E3B-931B-4629-BF15-E9BDA9688163}.Release|Any CPU.ActiveCfg = Release|Any CPU
		{BBBE9E3B-931B-4629-BF15-E9BDA9688163}.Release|Any CPU.Build.0 = Release|Any CPU
		{3EBE6BB2-5452-4C26-B2C2-55038A92D5C2}.Debug|Any CPU.ActiveCfg = Debug|Any CPU
		{3EBE6BB2-5452-4C26-B2C2-55038A92D5C2}.Debug|Any CPU.Build.0 = Debug|Any CPU
		{3EBE6BB2-5452-4C26-B2C2-55038A92D5C2}.Release|Any CPU.ActiveCfg = Release|Any CPU
		{3EBE6BB2-5452-4C26-B2C2-55038A92D5C2}.Release|Any CPU.Build.0 = Release|Any CPU
		{39E42522-445E-4B4B-9708-57914DD71664}.Debug|Any CPU.ActiveCfg = Debug|Any CPU
		{39E42522-445E-4B4B-9708-57914DD71664}.Debug|Any CPU.Build.0 = Debug|Any CPU
		{39E42522-445E-4B4B-9708-57914DD71664}.Release|Any CPU.ActiveCfg = Release|Any CPU
		{39E42522-445E-4B4B-9708-57914DD71664}.Release|Any CPU.Build.0 = Release|Any CPU
		{DC680B61-390F-43B3-B047-3C69C9D2E73D}.Debug|Any CPU.ActiveCfg = Debug|Any CPU
		{DC680B61-390F-43B3-B047-3C69C9D2E73D}.Debug|Any CPU.Build.0 = Debug|Any CPU
		{DC680B61-390F-43B3-B047-3C69C9D2E73D}.Release|Any CPU.ActiveCfg = Release|Any CPU
		{DC680B61-390F-43B3-B047-3C69C9D2E73D}.Release|Any CPU.Build.0 = Release|Any CPU
		{A2DD6244-D324-49CB-91DA-CF1E6B4EF28C}.Debug|Any CPU.ActiveCfg = Debug|Any CPU
		{A2DD6244-D324-49CB-91DA-CF1E6B4EF28C}.Debug|Any CPU.Build.0 = Debug|Any CPU
		{A2DD6244-D324-49CB-91DA-CF1E6B4EF28C}.Release|Any CPU.ActiveCfg = Release|Any CPU
		{A2DD6244-D324-49CB-91DA-CF1E6B4EF28C}.Release|Any CPU.Build.0 = Release|Any CPU
		{3F20B108-C808-42C3-B9F0-B2812B812D2A}.Debug|Any CPU.ActiveCfg = Debug|Any CPU
		{3F20B108-C808-42C3-B9F0-B2812B812D2A}.Debug|Any CPU.Build.0 = Debug|Any CPU
		{3F20B108-C808-42C3-B9F0-B2812B812D2A}.Release|Any CPU.ActiveCfg = Release|Any CPU
		{3F20B108-C808-42C3-B9F0-B2812B812D2A}.Release|Any CPU.Build.0 = Release|Any CPU
		{662FE8D1-E22A-4A20-BA10-A1F9EA675B12}.Debug|Any CPU.ActiveCfg = Debug|Any CPU
		{662FE8D1-E22A-4A20-BA10-A1F9EA675B12}.Debug|Any CPU.Build.0 = Debug|Any CPU
		{662FE8D1-E22A-4A20-BA10-A1F9EA675B12}.Release|Any CPU.ActiveCfg = Release|Any CPU
		{662FE8D1-E22A-4A20-BA10-A1F9EA675B12}.Release|Any CPU.Build.0 = Release|Any CPU
		{2C38C8E9-6EB6-48DE-898F-C6CEA623E8B3}.Debug|Any CPU.ActiveCfg = Debug|Any CPU
		{2C38C8E9-6EB6-48DE-898F-C6CEA623E8B3}.Debug|Any CPU.Build.0 = Debug|Any CPU
		{2C38C8E9-6EB6-48DE-898F-C6CEA623E8B3}.Release|Any CPU.ActiveCfg = Release|Any CPU
		{2C38C8E9-6EB6-48DE-898F-C6CEA623E8B3}.Release|Any CPU.Build.0 = Release|Any CPU
		{B6CF218D-6D8D-415C-9A1D-7DABA9750947}.Debug|Any CPU.ActiveCfg = Debug|Any CPU
		{B6CF218D-6D8D-415C-9A1D-7DABA9750947}.Debug|Any CPU.Build.0 = Debug|Any CPU
		{B6CF218D-6D8D-415C-9A1D-7DABA9750947}.Release|Any CPU.ActiveCfg = Release|Any CPU
		{B6CF218D-6D8D-415C-9A1D-7DABA9750947}.Release|Any CPU.Build.0 = Release|Any CPU
	EndGlobalSection
	GlobalSection(SolutionProperties) = preSolution
		HideSolutionNode = FALSE
	EndGlobalSection
	GlobalSection(ExtensibilityGlobals) = postSolution
		SolutionGuid = {60E2EFA9-01AB-4CC3-9641-799C8CD72125}
	EndGlobalSection
EndGlobal
